
Microsoft Visual Studio Solution File, Format Version 12.00
# Visual Studio 2015
Project("{FAE04EC0-301F-11D3-BF4B-00C04F79EFBC}") = "GD2A_hergebruik_training_ronde2_River.CSharp", "GD2A_hergebruik_training_ronde2_River.CSharp.csproj", "{9C4CAFFB-E658-B0D6-F150-39F74FC8B08D}"
EndProject
Global
	GlobalSection(SolutionConfigurationPlatforms) = preSolution
		Debug|Any CPU = Debug|Any CPU
		Release|Any CPU = Release|Any CPU
	EndGlobalSection
	GlobalSection(ProjectConfigurationPlatforms) = postSolution
		{9C4CAFFB-E658-B0D6-F150-39F74FC8B08D}.Debug|Any CPU.ActiveCfg = Debug|Any CPU
		{9C4CAFFB-E658-B0D6-F150-39F74FC8B08D}.Debug|Any CPU.Build.0 = Debug|Any CPU
		{9C4CAFFB-E658-B0D6-F150-39F74FC8B08D}.Release|Any CPU.ActiveCfg = Release|Any CPU
		{9C4CAFFB-E658-B0D6-F150-39F74FC8B08D}.Release|Any CPU.Build.0 = Release|Any CPU
	EndGlobalSection
	GlobalSection(SolutionProperties) = preSolution
		HideSolutionNode = FALSE
	EndGlobalSection
EndGlobal
