Microsoft Visual Studio Solution File, Format Version 11.00
# Visual Studio 2008

Project("{E4A664E6-0924-F5C9-028A-A2F14B6D7C8B}") = "ReusableClasses2", "Assembly-CSharp.csproj", "{FFF8A6A9-4E76-673C-680E-3D54C0ECC579}"
EndProject
Global
	GlobalSection(SolutionConfigurationPlatforms) = preSolution
		Debug|Any CPU = Debug|Any CPU
		Release|Any CPU = Release|Any CPU
	EndGlobalSection
	GlobalSection(ProjectConfigurationPlatforms) = postSolution
		{FFF8A6A9-4E76-673C-680E-3D54C0ECC579}.Debug|Any CPU.ActiveCfg = Debug|Any CPU
		{FFF8A6A9-4E76-673C-680E-3D54C0ECC579}.Debug|Any CPU.Build.0 = Debug|Any CPU
		{FFF8A6A9-4E76-673C-680E-3D54C0ECC579}.Release|Any CPU.ActiveCfg = Release|Any CPU
		{FFF8A6A9-4E76-673C-680E-3D54C0ECC579}.Release|Any CPU.Build.0 = Release|Any CPU
	EndGlobalSection
	GlobalSection(SolutionProperties) = preSolution
		HideSolutionNode = FALSE
	EndGlobalSection
	GlobalSection(MonoDevelopProperties) = preSolution
		StartupItem = Assembly-CSharp.csproj
	EndGlobalSection
EndGlobal
